
Microsoft Visual Studio Solution File, Format Version 12.00
# Visual Studio Version 17
VisualStudioVersion = 17.7.34031.279
MinimumVisualStudioVersion = 10.0.40219.1
Project("{8BC9CEB8-8B4A-11D0-8D11-00A0C91BC942}") = "first_lab_task1", "first_lab_task1.vcxproj", "{BC0BEF07-A9EA-4754-832F-B4104D3D0249}"
EndProject
Global
	GlobalSection(SolutionConfigurationPlatforms) = preSolution
		Debug|x64 = Debug|x64
		Debug|x86 = Debug|x86
		Release|x64 = Release|x64
		Release|x86 = Release|x86
	EndGlobalSection
	GlobalSection(ProjectConfigurationPlatforms) = postSolution
		{BC0BEF07-A9EA-4754-832F-B4104D3D0249}.Debug|x64.ActiveCfg = Debug|x64
		{BC0BEF07-A9EA-4754-832F-B4104D3D0249}.Debug|x64.Build.0 = Debug|x64
		{BC0BEF07-A9EA-4754-832F-B4104D3D0249}.Debug|x86.ActiveCfg = Debug|Win32
		{BC0BEF07-A9EA-4754-832F-B4104D3D0249}.Debug|x86.Build.0 = Debug|Win32
		{BC0BEF07-A9EA-4754-832F-B4104D3D0249}.Release|x64.ActiveCfg = Release|x64
		{BC0BEF07-A9EA-4754-832F-B4104D3D0249}.Release|x64.Build.0 = Release|x64
		{BC0BEF07-A9EA-4754-832F-B4104D3D0249}.Release|x86.ActiveCfg = Release|Win32
		{BC0BEF07-A9EA-4754-832F-B4104D3D0249}.Release|x86.Build.0 = Release|Win32
	EndGlobalSection
	GlobalSection(SolutionProperties) = preSolution
		HideSolutionNode = FALSE
	EndGlobalSection
	GlobalSection(ExtensibilityGlobals) = postSolution
		SolutionGuid = {7630521F-A408-4C79-BBB8-5EED78F76637}
	EndGlobalSection
EndGlobal
